// !$*UTF8*$!
{
	archiveVersion = 1;
	classes = {
	};
	objectVersion = 46;
	objects = {

/* Begin PBXBuildFile section */
		9D593951210C84B60073A4C2 /* WYInputTextView.m in Sources */ = {isa = PBXBuildFile; fileRef = 9D593950210C84B60073A4C2 /* WYInputTextView.m */; };
		9D593954210C91B60073A4C2 /* UICollectionView+DynamicCacheHeightLayoutCell.m in Sources */ = {isa = PBXBuildFile; fileRef = 9D593953210C91B60073A4C2 /* UICollectionView+DynamicCacheHeightLayoutCell.m */; };
		9D593957210C97B60073A4C2 /* UIViewController+ImagePickerManager.m in Sources */ = {isa = PBXBuildFile; fileRef = 9D593955210C97B60073A4C2 /* UIViewController+ImagePickerManager.m */; };
		9D59395A210C97ED0073A4C2 /* WYLocation.m in Sources */ = {isa = PBXBuildFile; fileRef = 9D593959210C97ED0073A4C2 /* WYLocation.m */; };
		9D593979210C9CE90073A4C2 /* WYNetworkRequestModel.m in Sources */ = {isa = PBXBuildFile; fileRef = 9D59395C210C9CE90073A4C2 /* WYNetworkRequestModel.m */; };
		9D59397A210C9CE90073A4C2 /* WYNetworkConfig.m in Sources */ = {isa = PBXBuildFile; fileRef = 9D59395D210C9CE90073A4C2 /* WYNetworkConfig.m */; };
		9D59397B210C9CE90073A4C2 /* WYNetworkRequestPool.m in Sources */ = {isa = PBXBuildFile; fileRef = 9D59395E210C9CE90073A4C2 /* WYNetworkRequestPool.m */; };
		9D59397C210C9CE90073A4C2 /* WYNetworkManager.m in Sources */ = {isa = PBXBuildFile; fileRef = 9D593961210C9CE90073A4C2 /* WYNetworkManager.m */; };
		9D59397D210C9CE90073A4C2 /* WYNetworkCacheInfo.m in Sources */ = {isa = PBXBuildFile; fileRef = 9D593962210C9CE90073A4C2 /* WYNetworkCacheInfo.m */; };
		9D59397E210C9CE90073A4C2 /* WYNetworkUploadEngine.m in Sources */ = {isa = PBXBuildFile; fileRef = 9D593964210C9CE90073A4C2 /* WYNetworkUploadEngine.m */; };
		9D59397F210C9CE90073A4C2 /* WYNetworkDownloadResumeDataInfo.m in Sources */ = {isa = PBXBuildFile; fileRef = 9D593966210C9CE90073A4C2 /* WYNetworkDownloadResumeDataInfo.m */; };
		9D593980210C9CE90073A4C2 /* WYNetworkCacheManager.m in Sources */ = {isa = PBXBuildFile; fileRef = 9D59396E210C9CE90073A4C2 /* WYNetworkCacheManager.m */; };
		9D593981210C9CE90073A4C2 /* WYNetworkRequestEngine.m in Sources */ = {isa = PBXBuildFile; fileRef = 9D593972210C9CE90073A4C2 /* WYNetworkRequestEngine.m */; };
		9D593982210C9CE90073A4C2 /* WYNetworkDownloadEngine.m in Sources */ = {isa = PBXBuildFile; fileRef = 9D593974210C9CE90073A4C2 /* WYNetworkDownloadEngine.m */; };
		9D593983210C9CE90073A4C2 /* WYNetworkUtils.m in Sources */ = {isa = PBXBuildFile; fileRef = 9D593975210C9CE90073A4C2 /* WYNetworkUtils.m */; };
		9D593984210C9CE90073A4C2 /* WYNetworkBaseEngine.m in Sources */ = {isa = PBXBuildFile; fileRef = 9D593976210C9CE90073A4C2 /* WYNetworkBaseEngine.m */; };
		9D593985210C9CE90073A4C2 /* WYImageScaleTool.m in Sources */ = {isa = PBXBuildFile; fileRef = 9D593978210C9CE90073A4C2 /* WYImageScaleTool.m */; };
		9D7EDEF41E741C0A0041F645 /* main.m in Sources */ = {isa = PBXBuildFile; fileRef = 9D7EDEF31E741C0A0041F645 /* main.m */; };
		9D7EDEF71E741C0A0041F645 /* AppDelegate.m in Sources */ = {isa = PBXBuildFile; fileRef = 9D7EDEF61E741C0A0041F645 /* AppDelegate.m */; };
		9D7EDEFA1E741C0A0041F645 /* ViewController.m in Sources */ = {isa = PBXBuildFile; fileRef = 9D7EDEF91E741C0A0041F645 /* ViewController.m */; };
		9D7EDEFD1E741C0A0041F645 /* Main.storyboard in Resources */ = {isa = PBXBuildFile; fileRef = 9D7EDEFB1E741C0A0041F645 /* Main.storyboard */; };
		9D7EDEFF1E741C0A0041F645 /* Assets.xcassets in Resources */ = {isa = PBXBuildFile; fileRef = 9D7EDEFE1E741C0A0041F645 /* Assets.xcassets */; };
		9D7EDF021E741C0B0041F645 /* LaunchScreen.storyboard in Resources */ = {isa = PBXBuildFile; fileRef = 9D7EDF001E741C0B0041F645 /* LaunchScreen.storyboard */; };
		9D7EDF7D1E74280E0041F645 /* PodFile in Resources */ = {isa = PBXBuildFile; fileRef = 9D7EDF7C1E74280E0041F645 /* PodFile */; };
		9D976C971FDE19F800EF2886 /* NSArray+WYKit.m in Sources */ = {isa = PBXBuildFile; fileRef = 9D976C161FDE19F800EF2886 /* NSArray+WYKit.m */; };
		9D976C981FDE19F800EF2886 /* NSAttributedString+WYKit.m in Sources */ = {isa = PBXBuildFile; fileRef = 9D976C181FDE19F800EF2886 /* NSAttributedString+WYKit.m */; };
		9D976C991FDE19F800EF2886 /* NSData+WYEncryption.m in Sources */ = {isa = PBXBuildFile; fileRef = 9D976C1A1FDE19F800EF2886 /* NSData+WYEncryption.m */; };
		9D976C9A1FDE19F800EF2886 /* NSDate+WYKit.m in Sources */ = {isa = PBXBuildFile; fileRef = 9D976C1C1FDE19F800EF2886 /* NSDate+WYKit.m */; };
		9D976C9B1FDE19F800EF2886 /* NSFileManager+WYKit.m in Sources */ = {isa = PBXBuildFile; fileRef = 9D976C1E1FDE19F800EF2886 /* NSFileManager+WYKit.m */; };
		9D976C9C1FDE19F800EF2886 /* NSMutableArray+WYKit.m in Sources */ = {isa = PBXBuildFile; fileRef = 9D976C201FDE19F800EF2886 /* NSMutableArray+WYKit.m */; };
		9D976C9D1FDE19F800EF2886 /* NSMutableString+WYKit.m in Sources */ = {isa = PBXBuildFile; fileRef = 9D976C221FDE19F800EF2886 /* NSMutableString+WYKit.m */; };
		9D976C9E1FDE19F800EF2886 /* NSObject+WYSize.m in Sources */ = {isa = PBXBuildFile; fileRef = 9D976C241FDE19F800EF2886 /* NSObject+WYSize.m */; };
		9D976C9F1FDE19F800EF2886 /* NSString+Hash.m in Sources */ = {isa = PBXBuildFile; fileRef = 9D976C261FDE19F800EF2886 /* NSString+Hash.m */; };
		9D976CA01FDE19F800EF2886 /* NSString+WYCommonString.m in Sources */ = {isa = PBXBuildFile; fileRef = 9D976C281FDE19F800EF2886 /* NSString+WYCommonString.m */; };
		9D976CA11FDE19F800EF2886 /* NSString+WYKit.m in Sources */ = {isa = PBXBuildFile; fileRef = 9D976C2A1FDE19F800EF2886 /* NSString+WYKit.m */; };
		9D976CA21FDE19F800EF2886 /* UIBarButtonItem+WYKit.m in Sources */ = {isa = PBXBuildFile; fileRef = 9D976C2C1FDE19F800EF2886 /* UIBarButtonItem+WYKit.m */; };
		9D976CA31FDE19F800EF2886 /* UIButton+WYCountdown.m in Sources */ = {isa = PBXBuildFile; fileRef = 9D976C2E1FDE19F800EF2886 /* UIButton+WYCountdown.m */; };
		9D976CA41FDE19F800EF2886 /* UIButton+WYKit.m in Sources */ = {isa = PBXBuildFile; fileRef = 9D976C301FDE19F800EF2886 /* UIButton+WYKit.m */; };
		9D976CA61FDE19F800EF2886 /* UIColor+WYWeb.m in Sources */ = {isa = PBXBuildFile; fileRef = 9D976C341FDE19F800EF2886 /* UIColor+WYWeb.m */; };
		9D976CA71FDE19F800EF2886 /* UIDevice+WYHardward.m in Sources */ = {isa = PBXBuildFile; fileRef = 9D976C361FDE19F800EF2886 /* UIDevice+WYHardward.m */; };
		9D976CA81FDE19F800EF2886 /* UIImage+RemoteSize.m in Sources */ = {isa = PBXBuildFile; fileRef = 9D976C381FDE19F800EF2886 /* UIImage+RemoteSize.m */; };
		9D976CA91FDE19F800EF2886 /* UIImage+WaterMark.m in Sources */ = {isa = PBXBuildFile; fileRef = 9D976C3A1FDE19F800EF2886 /* UIImage+WaterMark.m */; };
		9D976CAB1FDE19F800EF2886 /* UIImage+WYKit.m in Sources */ = {isa = PBXBuildFile; fileRef = 9D976C3E1FDE19F800EF2886 /* UIImage+WYKit.m */; };
		9D976CAC1FDE19F800EF2886 /* UIImage+WYRadius.m in Sources */ = {isa = PBXBuildFile; fileRef = 9D976C401FDE19F800EF2886 /* UIImage+WYRadius.m */; };
		9D976CAD1FDE19F800EF2886 /* UIImageView+WYCornerRadius.m in Sources */ = {isa = PBXBuildFile; fileRef = 9D976C421FDE19F800EF2886 /* UIImageView+WYCornerRadius.m */; };
		9D976CAE1FDE19F800EF2886 /* UIImageView+WYFaceAwareFill.m in Sources */ = {isa = PBXBuildFile; fileRef = 9D976C441FDE19F800EF2886 /* UIImageView+WYFaceAwareFill.m */; };
		9D976CAF1FDE19F800EF2886 /* UILabel+WYAttributeTextTapAction.m in Sources */ = {isa = PBXBuildFile; fileRef = 9D976C461FDE19F800EF2886 /* UILabel+WYAttributeTextTapAction.m */; };
		9D976CB01FDE19F800EF2886 /* UILabel+WYContentSize.m in Sources */ = {isa = PBXBuildFile; fileRef = 9D976C481FDE19F800EF2886 /* UILabel+WYContentSize.m */; };
		9D976CB21FDE19F800EF2886 /* UITableView+WYFoldTableView.m in Sources */ = {isa = PBXBuildFile; fileRef = 9D976C4C1FDE19F800EF2886 /* UITableView+WYFoldTableView.m */; };
		9D976CB31FDE19F800EF2886 /* UITableViewCell+Reusable.m in Sources */ = {isa = PBXBuildFile; fileRef = 9D976C4E1FDE19F800EF2886 /* UITableViewCell+Reusable.m */; };
		9D976CB41FDE19F800EF2886 /* UITextView+WYKit.m in Sources */ = {isa = PBXBuildFile; fileRef = 9D976C501FDE19F800EF2886 /* UITextView+WYKit.m */; };
		9D976CB51FDE19F800EF2886 /* UITextView+WYUitls.m in Sources */ = {isa = PBXBuildFile; fileRef = 9D976C521FDE19F800EF2886 /* UITextView+WYUitls.m */; };
		9D976CB61FDE19F800EF2886 /* UIView+WYKit.m in Sources */ = {isa = PBXBuildFile; fileRef = 9D976C541FDE19F800EF2886 /* UIView+WYKit.m */; };
		9D976CB71FDE19F800EF2886 /* UIView+WYRadius.m in Sources */ = {isa = PBXBuildFile; fileRef = 9D976C561FDE19F800EF2886 /* UIView+WYRadius.m */; };
		9D976CB81FDE19F800EF2886 /* UIViewController+WYKit.m in Sources */ = {isa = PBXBuildFile; fileRef = 9D976C581FDE19F800EF2886 /* UIViewController+WYKit.m */; };
		9D976CB91FDE19F800EF2886 /* UIWebView+WYJavaScript.m in Sources */ = {isa = PBXBuildFile; fileRef = 9D976C5A1FDE19F800EF2886 /* UIWebView+WYJavaScript.m */; };
		9D976CBA1FDE19F800EF2886 /* WYAlertSheet.m in Sources */ = {isa = PBXBuildFile; fileRef = 9D976C5E1FDE19F800EF2886 /* WYAlertSheet.m */; };
		9D976CBB1FDE19F800EF2886 /* WYAlertTools.m in Sources */ = {isa = PBXBuildFile; fileRef = 9D976C601FDE19F800EF2886 /* WYAlertTools.m */; };
		9D976CBC1FDE19F800EF2886 /* WYAuthorizationTool.m in Sources */ = {isa = PBXBuildFile; fileRef = 9D976C621FDE19F800EF2886 /* WYAuthorizationTool.m */; };
		9D976CBD1FDE19F800EF2886 /* WYBluetoothManager.m in Sources */ = {isa = PBXBuildFile; fileRef = 9D976C641FDE19F800EF2886 /* WYBluetoothManager.m */; };
		9D976CBF1FDE19F800EF2886 /* WYColatingTextFeild.m in Sources */ = {isa = PBXBuildFile; fileRef = 9D976C691FDE19F800EF2886 /* WYColatingTextFeild.m */; };
		9D976CC01FDE19F800EF2886 /* WYDispatch.m in Sources */ = {isa = PBXBuildFile; fileRef = 9D976C6B1FDE19F800EF2886 /* WYDispatch.m */; };
		9D976CC11FDE19F800EF2886 /* WYDownloadManager.m in Sources */ = {isa = PBXBuildFile; fileRef = 9D976C6D1FDE19F800EF2886 /* WYDownloadManager.m */; };
		9D976CC21FDE19F800EF2886 /* WYHiddenAlertView.m in Sources */ = {isa = PBXBuildFile; fileRef = 9D976C6F1FDE19F800EF2886 /* WYHiddenAlertView.m */; };
		9D976CC51FDE19F800EF2886 /* WYTouchID.m in Sources */ = {isa = PBXBuildFile; fileRef = 9D976C751FDE19F800EF2886 /* WYTouchID.m */; };
		9D976CC61FDE19F800EF2886 /* WYTransition.m in Sources */ = {isa = PBXBuildFile; fileRef = 9D976C771FDE19F800EF2886 /* WYTransition.m */; };
		9D976CC71FDE19F800EF2886 /* WYVersionManager.m in Sources */ = {isa = PBXBuildFile; fileRef = 9D976C791FDE19F800EF2886 /* WYVersionManager.m */; };
		9D976CCB1FDE19F800EF2886 /* UIButton+WYURLRadius.m in Sources */ = {isa = PBXBuildFile; fileRef = 9D976C881FDE19F800EF2886 /* UIButton+WYURLRadius.m */; };
		9D976CCC1FDE19F800EF2886 /* UIImageView+Base64Image.m in Sources */ = {isa = PBXBuildFile; fileRef = 9D976C8A1FDE19F800EF2886 /* UIImageView+Base64Image.m */; };
		9D976CCD1FDE19F800EF2886 /* UIView+Forbearance.m in Sources */ = {isa = PBXBuildFile; fileRef = 9D976C8C1FDE19F800EF2886 /* UIView+Forbearance.m */; };
		9D976CCE1FDE19F800EF2886 /* WYCache.m in Sources */ = {isa = PBXBuildFile; fileRef = 9D976C8E1FDE19F800EF2886 /* WYCache.m */; };
		DB1F03B38C7F07B66BC3D218 /* libPods-WYKit.a in Frameworks */ = {isa = PBXBuildFile; fileRef = 275C0163F1A9165D286C7AED /* libPods-WYKit.a */; };
/* End PBXBuildFile section */

/* Begin PBXFileReference section */
		275C0163F1A9165D286C7AED /* libPods-WYKit.a */ = {isa = PBXFileReference; explicitFileType = archive.ar; includeInIndex = 0; path = "libPods-WYKit.a"; sourceTree = BUILT_PRODUCTS_DIR; };
		9D59394F210C84B60073A4C2 /* WYInputTextView.h */ = {isa = PBXFileReference; lastKnownFileType = sourcecode.c.h; path = WYInputTextView.h; sourceTree = "<group>"; };
		9D593950210C84B60073A4C2 /* WYInputTextView.m */ = {isa = PBXFileReference; lastKnownFileType = sourcecode.c.objc; path = WYInputTextView.m; sourceTree = "<group>"; };
		9D593952210C91B60073A4C2 /* UICollectionView+DynamicCacheHeightLayoutCell.h */ = {isa = PBXFileReference; fileEncoding = 4; lastKnownFileType = sourcecode.c.h; path = "UICollectionView+DynamicCacheHeightLayoutCell.h"; sourceTree = "<group>"; };
		9D593953210C91B60073A4C2 /* UICollectionView+DynamicCacheHeightLayoutCell.m */ = {isa = PBXFileReference; fileEncoding = 4; lastKnownFileType = sourcecode.c.objc; path = "UICollectionView+DynamicCacheHeightLayoutCell.m"; sourceTree = "<group>"; };
		9D593955210C97B60073A4C2 /* UIViewController+ImagePickerManager.m */ = {isa = PBXFileReference; fileEncoding = 4; lastKnownFileType = sourcecode.c.objc; path = "UIViewController+ImagePickerManager.m"; sourceTree = "<group>"; };
		9D593956210C97B60073A4C2 /* UIViewController+ImagePickerManager.h */ = {isa = PBXFileReference; fileEncoding = 4; lastKnownFileType = sourcecode.c.h; path = "UIViewController+ImagePickerManager.h"; sourceTree = "<group>"; };
		9D593958210C97ED0073A4C2 /* WYLocation.h */ = {isa = PBXFileReference; fileEncoding = 4; lastKnownFileType = sourcecode.c.h; path = WYLocation.h; sourceTree = "<group>"; };
		9D593959210C97ED0073A4C2 /* WYLocation.m */ = {isa = PBXFileReference; fileEncoding = 4; lastKnownFileType = sourcecode.c.objc; path = WYLocation.m; sourceTree = "<group>"; };
		9D59395C210C9CE90073A4C2 /* WYNetworkRequestModel.m */ = {isa = PBXFileReference; fileEncoding = 4; lastKnownFileType = sourcecode.c.objc; path = WYNetworkRequestModel.m; sourceTree = "<group>"; };
		9D59395D210C9CE90073A4C2 /* WYNetworkConfig.m */ = {isa = PBXFileReference; fileEncoding = 4; lastKnownFileType = sourcecode.c.objc; path = WYNetworkConfig.m; sourceTree = "<group>"; };
		9D59395E210C9CE90073A4C2 /* WYNetworkRequestPool.m */ = {isa = PBXFileReference; fileEncoding = 4; lastKnownFileType = sourcecode.c.objc; path = WYNetworkRequestPool.m; sourceTree = "<group>"; };
		9D59395F210C9CE90073A4C2 /* WYNetworkCacheManager.h */ = {isa = PBXFileReference; fileEncoding = 4; lastKnownFileType = sourcecode.c.h; path = WYNetworkCacheManager.h; sourceTree = "<group>"; };
		9D593960210C9CE90073A4C2 /* WYNetworkProtocol.h */ = {isa = PBXFileReference; fileEncoding = 4; lastKnownFileType = sourcecode.c.h; path = WYNetworkProtocol.h; sourceTree = "<group>"; };
		9D593961210C9CE90073A4C2 /* WYNetworkManager.m */ = {isa = PBXFileReference; fileEncoding = 4; lastKnownFileType = sourcecode.c.objc; path = WYNetworkManager.m; sourceTree = "<group>"; };
		9D593962210C9CE90073A4C2 /* WYNetworkCacheInfo.m */ = {isa = PBXFileReference; fileEncoding = 4; lastKnownFileType = sourcecode.c.objc; path = WYNetworkCacheInfo.m; sourceTree = "<group>"; };
		9D593963210C9CE90073A4C2 /* WYNetworkRequestEngine.h */ = {isa = PBXFileReference; fileEncoding = 4; lastKnownFileType = sourcecode.c.h; path = WYNetworkRequestEngine.h; sourceTree = "<group>"; };
		9D593964210C9CE90073A4C2 /* WYNetworkUploadEngine.m */ = {isa = PBXFileReference; fileEncoding = 4; lastKnownFileType = sourcecode.c.objc; path = WYNetworkUploadEngine.m; sourceTree = "<group>"; };
		9D593965210C9CE90073A4C2 /* WYImageScaleTool.h */ = {isa = PBXFileReference; fileEncoding = 4; lastKnownFileType = sourcecode.c.h; path = WYImageScaleTool.h; sourceTree = "<group>"; };
		9D593966210C9CE90073A4C2 /* WYNetworkDownloadResumeDataInfo.m */ = {isa = PBXFileReference; fileEncoding = 4; lastKnownFileType = sourcecode.c.objc; path = WYNetworkDownloadResumeDataInfo.m; sourceTree = "<group>"; };
		9D593967210C9CE90073A4C2 /* WYNetworkBaseEngine.h */ = {isa = PBXFileReference; fileEncoding = 4; lastKnownFileType = sourcecode.c.h; path = WYNetworkBaseEngine.h; sourceTree = "<group>"; };
		9D593968210C9CE90073A4C2 /* WYNetworkUtils.h */ = {isa = PBXFileReference; fileEncoding = 4; lastKnownFileType = sourcecode.c.h; path = WYNetworkUtils.h; sourceTree = "<group>"; };
		9D593969210C9CE90073A4C2 /* WYNetwork.h */ = {isa = PBXFileReference; fileEncoding = 4; lastKnownFileType = sourcecode.c.h; path = WYNetwork.h; sourceTree = "<group>"; };
		9D59396A210C9CE90073A4C2 /* WYNetworkDownloadEngine.h */ = {isa = PBXFileReference; fileEncoding = 4; lastKnownFileType = sourcecode.c.h; path = WYNetworkDownloadEngine.h; sourceTree = "<group>"; };
		9D59396B210C9CE90073A4C2 /* WYNetworkRequestModel.h */ = {isa = PBXFileReference; fileEncoding = 4; lastKnownFileType = sourcecode.c.h; path = WYNetworkRequestModel.h; sourceTree = "<group>"; };
		9D59396C210C9CE90073A4C2 /* WYNetworkManager.h */ = {isa = PBXFileReference; fileEncoding = 4; lastKnownFileType = sourcecode.c.h; path = WYNetworkManager.h; sourceTree = "<group>"; };
		9D59396D210C9CE90073A4C2 /* WYNetworkHeader.h */ = {isa = PBXFileReference; fileEncoding = 4; lastKnownFileType = sourcecode.c.h; path = WYNetworkHeader.h; sourceTree = "<group>"; };
		9D59396E210C9CE90073A4C2 /* WYNetworkCacheManager.m */ = {isa = PBXFileReference; fileEncoding = 4; lastKnownFileType = sourcecode.c.objc; path = WYNetworkCacheManager.m; sourceTree = "<group>"; };
		9D59396F210C9CE90073A4C2 /* WYNetworkRequestPool.h */ = {isa = PBXFileReference; fileEncoding = 4; lastKnownFileType = sourcecode.c.h; path = WYNetworkRequestPool.h; sourceTree = "<group>"; };
		9D593970210C9CE90073A4C2 /* WYNetworkConfig.h */ = {isa = PBXFileReference; fileEncoding = 4; lastKnownFileType = sourcecode.c.h; path = WYNetworkConfig.h; sourceTree = "<group>"; };
		9D593971210C9CE90073A4C2 /* WYNetworkUploadEngine.h */ = {isa = PBXFileReference; fileEncoding = 4; lastKnownFileType = sourcecode.c.h; path = WYNetworkUploadEngine.h; sourceTree = "<group>"; };
		9D593972210C9CE90073A4C2 /* WYNetworkRequestEngine.m */ = {isa = PBXFileReference; fileEncoding = 4; lastKnownFileType = sourcecode.c.objc; path = WYNetworkRequestEngine.m; sourceTree = "<group>"; };
		9D593973210C9CE90073A4C2 /* WYNetworkCacheInfo.h */ = {isa = PBXFileReference; fileEncoding = 4; lastKnownFileType = sourcecode.c.h; path = WYNetworkCacheInfo.h; sourceTree = "<group>"; };
		9D593974210C9CE90073A4C2 /* WYNetworkDownloadEngine.m */ = {isa = PBXFileReference; fileEncoding = 4; lastKnownFileType = sourcecode.c.objc; path = WYNetworkDownloadEngine.m; sourceTree = "<group>"; };
		9D593975210C9CE90073A4C2 /* WYNetworkUtils.m */ = {isa = PBXFileReference; fileEncoding = 4; lastKnownFileType = sourcecode.c.objc; path = WYNetworkUtils.m; sourceTree = "<group>"; };
		9D593976210C9CE90073A4C2 /* WYNetworkBaseEngine.m */ = {isa = PBXFileReference; fileEncoding = 4; lastKnownFileType = sourcecode.c.objc; path = WYNetworkBaseEngine.m; sourceTree = "<group>"; };
		9D593977210C9CE90073A4C2 /* WYNetworkDownloadResumeDataInfo.h */ = {isa = PBXFileReference; fileEncoding = 4; lastKnownFileType = sourcecode.c.h; path = WYNetworkDownloadResumeDataInfo.h; sourceTree = "<group>"; };
		9D593978210C9CE90073A4C2 /* WYImageScaleTool.m */ = {isa = PBXFileReference; fileEncoding = 4; lastKnownFileType = sourcecode.c.objc; path = WYImageScaleTool.m; sourceTree = "<group>"; };
		9D7EDEEF1E741C0A0041F645 /* WYKit.app */ = {isa = PBXFileReference; explicitFileType = wrapper.application; includeInIndex = 0; path = WYKit.app; sourceTree = BUILT_PRODUCTS_DIR; };
		9D7EDEF31E741C0A0041F645 /* main.m */ = {isa = PBXFileReference; lastKnownFileType = sourcecode.c.objc; path = main.m; sourceTree = "<group>"; };
		9D7EDEF51E741C0A0041F645 /* AppDelegate.h */ = {isa = PBXFileReference; lastKnownFileType = sourcecode.c.h; path = AppDelegate.h; sourceTree = "<group>"; };
		9D7EDEF61E741C0A0041F645 /* AppDelegate.m */ = {isa = PBXFileReference; lastKnownFileType = sourcecode.c.objc; path = AppDelegate.m; sourceTree = "<group>"; };
		9D7EDEF81E741C0A0041F645 /* ViewController.h */ = {isa = PBXFileReference; lastKnownFileType = sourcecode.c.h; path = ViewController.h; sourceTree = "<group>"; };
		9D7EDEF91E741C0A0041F645 /* ViewController.m */ = {isa = PBXFileReference; lastKnownFileType = sourcecode.c.objc; path = ViewController.m; sourceTree = "<group>"; };
		9D7EDEFC1E741C0A0041F645 /* Base */ = {isa = PBXFileReference; lastKnownFileType = file.storyboard; name = Base; path = Base.lproj/Main.storyboard; sourceTree = "<group>"; };
		9D7EDEFE1E741C0A0041F645 /* Assets.xcassets */ = {isa = PBXFileReference; lastKnownFileType = folder.assetcatalog; path = Assets.xcassets; sourceTree = "<group>"; };
		9D7EDF011E741C0B0041F645 /* Base */ = {isa = PBXFileReference; lastKnownFileType = file.storyboard; name = Base; path = Base.lproj/LaunchScreen.storyboard; sourceTree = "<group>"; };
		9D7EDF031E741C0B0041F645 /* Info.plist */ = {isa = PBXFileReference; lastKnownFileType = text.plist.xml; path = Info.plist; sourceTree = "<group>"; };
		9D7EDF771E741C930041F645 /* PrefixHeader.pch */ = {isa = PBXFileReference; fileEncoding = 4; lastKnownFileType = sourcecode.c.h; path = PrefixHeader.pch; sourceTree = "<group>"; };
		9D7EDF7C1E74280E0041F645 /* PodFile */ = {isa = PBXFileReference; fileEncoding = 4; lastKnownFileType = text; path = PodFile; sourceTree = "<group>"; };
		9D976C151FDE19F800EF2886 /* NSArray+WYKit.h */ = {isa = PBXFileReference; fileEncoding = 4; lastKnownFileType = sourcecode.c.h; path = "NSArray+WYKit.h"; sourceTree = "<group>"; };
		9D976C161FDE19F800EF2886 /* NSArray+WYKit.m */ = {isa = PBXFileReference; fileEncoding = 4; lastKnownFileType = sourcecode.c.objc; path = "NSArray+WYKit.m"; sourceTree = "<group>"; };
		9D976C171FDE19F800EF2886 /* NSAttributedString+WYKit.h */ = {isa = PBXFileReference; fileEncoding = 4; lastKnownFileType = sourcecode.c.h; path = "NSAttributedString+WYKit.h"; sourceTree = "<group>"; };
		9D976C181FDE19F800EF2886 /* NSAttributedString+WYKit.m */ = {isa = PBXFileReference; fileEncoding = 4; lastKnownFileType = sourcecode.c.objc; path = "NSAttributedString+WYKit.m"; sourceTree = "<group>"; };
		9D976C191FDE19F800EF2886 /* NSData+WYEncryption.h */ = {isa = PBXFileReference; fileEncoding = 4; lastKnownFileType = sourcecode.c.h; path = "NSData+WYEncryption.h"; sourceTree = "<group>"; };
		9D976C1A1FDE19F800EF2886 /* NSData+WYEncryption.m */ = {isa = PBXFileReference; fileEncoding = 4; lastKnownFileType = sourcecode.c.objc; path = "NSData+WYEncryption.m"; sourceTree = "<group>"; };
		9D976C1B1FDE19F800EF2886 /* NSDate+WYKit.h */ = {isa = PBXFileReference; fileEncoding = 4; lastKnownFileType = sourcecode.c.h; path = "NSDate+WYKit.h"; sourceTree = "<group>"; };
		9D976C1C1FDE19F800EF2886 /* NSDate+WYKit.m */ = {isa = PBXFileReference; fileEncoding = 4; lastKnownFileType = sourcecode.c.objc; path = "NSDate+WYKit.m"; sourceTree = "<group>"; };
		9D976C1D1FDE19F800EF2886 /* NSFileManager+WYKit.h */ = {isa = PBXFileReference; fileEncoding = 4; lastKnownFileType = sourcecode.c.h; path = "NSFileManager+WYKit.h"; sourceTree = "<group>"; };
		9D976C1E1FDE19F800EF2886 /* NSFileManager+WYKit.m */ = {isa = PBXFileReference; fileEncoding = 4; lastKnownFileType = sourcecode.c.objc; path = "NSFileManager+WYKit.m"; sourceTree = "<group>"; };
		9D976C1F1FDE19F800EF2886 /* NSMutableArray+WYKit.h */ = {isa = PBXFileReference; fileEncoding = 4; lastKnownFileType = sourcecode.c.h; path = "NSMutableArray+WYKit.h"; sourceTree = "<group>"; };
		9D976C201FDE19F800EF2886 /* NSMutableArray+WYKit.m */ = {isa = PBXFileReference; fileEncoding = 4; lastKnownFileType = sourcecode.c.objc; path = "NSMutableArray+WYKit.m"; sourceTree = "<group>"; };
		9D976C211FDE19F800EF2886 /* NSMutableString+WYKit.h */ = {isa = PBXFileReference; fileEncoding = 4; lastKnownFileType = sourcecode.c.h; path = "NSMutableString+WYKit.h"; sourceTree = "<group>"; };
		9D976C221FDE19F800EF2886 /* NSMutableString+WYKit.m */ = {isa = PBXFileReference; fileEncoding = 4; lastKnownFileType = sourcecode.c.objc; path = "NSMutableString+WYKit.m"; sourceTree = "<group>"; };
		9D976C231FDE19F800EF2886 /* NSObject+WYSize.h */ = {isa = PBXFileReference; fileEncoding = 4; lastKnownFileType = sourcecode.c.h; path = "NSObject+WYSize.h"; sourceTree = "<group>"; };
		9D976C241FDE19F800EF2886 /* NSObject+WYSize.m */ = {isa = PBXFileReference; fileEncoding = 4; lastKnownFileType = sourcecode.c.objc; path = "NSObject+WYSize.m"; sourceTree = "<group>"; };
		9D976C251FDE19F800EF2886 /* NSString+Hash.h */ = {isa = PBXFileReference; fileEncoding = 4; lastKnownFileType = sourcecode.c.h; path = "NSString+Hash.h"; sourceTree = "<group>"; };
		9D976C261FDE19F800EF2886 /* NSString+Hash.m */ = {isa = PBXFileReference; fileEncoding = 4; lastKnownFileType = sourcecode.c.objc; path = "NSString+Hash.m"; sourceTree = "<group>"; };
		9D976C271FDE19F800EF2886 /* NSString+WYCommonString.h */ = {isa = PBXFileReference; fileEncoding = 4; lastKnownFileType = sourcecode.c.h; path = "NSString+WYCommonString.h"; sourceTree = "<group>"; };
		9D976C281FDE19F800EF2886 /* NSString+WYCommonString.m */ = {isa = PBXFileReference; fileEncoding = 4; lastKnownFileType = sourcecode.c.objc; path = "NSString+WYCommonString.m"; sourceTree = "<group>"; };
		9D976C291FDE19F800EF2886 /* NSString+WYKit.h */ = {isa = PBXFileReference; fileEncoding = 4; lastKnownFileType = sourcecode.c.h; path = "NSString+WYKit.h"; sourceTree = "<group>"; };
		9D976C2A1FDE19F800EF2886 /* NSString+WYKit.m */ = {isa = PBXFileReference; fileEncoding = 4; lastKnownFileType = sourcecode.c.objc; path = "NSString+WYKit.m"; sourceTree = "<group>"; };
		9D976C2B1FDE19F800EF2886 /* UIBarButtonItem+WYKit.h */ = {isa = PBXFileReference; fileEncoding = 4; lastKnownFileType = sourcecode.c.h; path = "UIBarButtonItem+WYKit.h"; sourceTree = "<group>"; };
		9D976C2C1FDE19F800EF2886 /* UIBarButtonItem+WYKit.m */ = {isa = PBXFileReference; fileEncoding = 4; lastKnownFileType = sourcecode.c.objc; path = "UIBarButtonItem+WYKit.m"; sourceTree = "<group>"; };
		9D976C2D1FDE19F800EF2886 /* UIButton+WYCountdown.h */ = {isa = PBXFileReference; fileEncoding = 4; lastKnownFileType = sourcecode.c.h; path = "UIButton+WYCountdown.h"; sourceTree = "<group>"; };
		9D976C2E1FDE19F800EF2886 /* UIButton+WYCountdown.m */ = {isa = PBXFileReference; fileEncoding = 4; lastKnownFileType = sourcecode.c.objc; path = "UIButton+WYCountdown.m"; sourceTree = "<group>"; };
		9D976C2F1FDE19F800EF2886 /* UIButton+WYKit.h */ = {isa = PBXFileReference; fileEncoding = 4; lastKnownFileType = sourcecode.c.h; path = "UIButton+WYKit.h"; sourceTree = "<group>"; };
		9D976C301FDE19F800EF2886 /* UIButton+WYKit.m */ = {isa = PBXFileReference; fileEncoding = 4; lastKnownFileType = sourcecode.c.objc; path = "UIButton+WYKit.m"; sourceTree = "<group>"; };
		9D976C331FDE19F800EF2886 /* UIColor+WYWeb.h */ = {isa = PBXFileReference; fileEncoding = 4; lastKnownFileType = sourcecode.c.h; path = "UIColor+WYWeb.h"; sourceTree = "<group>"; };
		9D976C341FDE19F800EF2886 /* UIColor+WYWeb.m */ = {isa = PBXFileReference; fileEncoding = 4; lastKnownFileType = sourcecode.c.objc; path = "UIColor+WYWeb.m"; sourceTree = "<group>"; };
		9D976C351FDE19F800EF2886 /* UIDevice+WYHardward.h */ = {isa = PBXFileReference; fileEncoding = 4; lastKnownFileType = sourcecode.c.h; path = "UIDevice+WYHardward.h"; sourceTree = "<group>"; };
		9D976C361FDE19F800EF2886 /* UIDevice+WYHardward.m */ = {isa = PBXFileReference; fileEncoding = 4; lastKnownFileType = sourcecode.c.objc; path = "UIDevice+WYHardward.m"; sourceTree = "<group>"; };
		9D976C371FDE19F800EF2886 /* UIImage+RemoteSize.h */ = {isa = PBXFileReference; fileEncoding = 4; lastKnownFileType = sourcecode.c.h; path = "UIImage+RemoteSize.h"; sourceTree = "<group>"; };
		9D976C381FDE19F800EF2886 /* UIImage+RemoteSize.m */ = {isa = PBXFileReference; fileEncoding = 4; lastKnownFileType = sourcecode.c.objc; path = "UIImage+RemoteSize.m"; sourceTree = "<group>"; };
		9D976C391FDE19F800EF2886 /* UIImage+WaterMark.h */ = {isa = PBXFileReference; fileEncoding = 4; lastKnownFileType = sourcecode.c.h; path = "UIImage+WaterMark.h"; sourceTree = "<group>"; };
		9D976C3A1FDE19F800EF2886 /* UIImage+WaterMark.m */ = {isa = PBXFileReference; fileEncoding = 4; lastKnownFileType = sourcecode.c.objc; path = "UIImage+WaterMark.m"; sourceTree = "<group>"; };
		9D976C3D1FDE19F800EF2886 /* UIImage+WYKit.h */ = {isa = PBXFileReference; fileEncoding = 4; lastKnownFileType = sourcecode.c.h; path = "UIImage+WYKit.h"; sourceTree = "<group>"; };
		9D976C3E1FDE19F800EF2886 /* UIImage+WYKit.m */ = {isa = PBXFileReference; fileEncoding = 4; lastKnownFileType = sourcecode.c.objc; path = "UIImage+WYKit.m"; sourceTree = "<group>"; };
		9D976C3F1FDE19F800EF2886 /* UIImage+WYRadius.h */ = {isa = PBXFileReference; fileEncoding = 4; lastKnownFileType = sourcecode.c.h; path = "UIImage+WYRadius.h"; sourceTree = "<group>"; };
		9D976C401FDE19F800EF2886 /* UIImage+WYRadius.m */ = {isa = PBXFileReference; fileEncoding = 4; lastKnownFileType = sourcecode.c.objc; path = "UIImage+WYRadius.m"; sourceTree = "<group>"; };
		9D976C411FDE19F800EF2886 /* UIImageView+WYCornerRadius.h */ = {isa = PBXFileReference; fileEncoding = 4; lastKnownFileType = sourcecode.c.h; path = "UIImageView+WYCornerRadius.h"; sourceTree = "<group>"; };
		9D976C421FDE19F800EF2886 /* UIImageView+WYCornerRadius.m */ = {isa = PBXFileReference; fileEncoding = 4; lastKnownFileType = sourcecode.c.objc; path = "UIImageView+WYCornerRadius.m"; sourceTree = "<group>"; };
		9D976C431FDE19F800EF2886 /* UIImageView+WYFaceAwareFill.h */ = {isa = PBXFileReference; fileEncoding = 4; lastKnownFileType = sourcecode.c.h; path = "UIImageView+WYFaceAwareFill.h"; sourceTree = "<group>"; };
		9D976C441FDE19F800EF2886 /* UIImageView+WYFaceAwareFill.m */ = {isa = PBXFileReference; fileEncoding = 4; lastKnownFileType = sourcecode.c.objc; path = "UIImageView+WYFaceAwareFill.m"; sourceTree = "<group>"; };
		9D976C451FDE19F800EF2886 /* UILabel+WYAttributeTextTapAction.h */ = {isa = PBXFileReference; fileEncoding = 4; lastKnownFileType = sourcecode.c.h; path = "UILabel+WYAttributeTextTapAction.h"; sourceTree = "<group>"; };
		9D976C461FDE19F800EF2886 /* UILabel+WYAttributeTextTapAction.m */ = {isa = PBXFileReference; fileEncoding = 4; lastKnownFileType = sourcecode.c.objc; path = "UILabel+WYAttributeTextTapAction.m"; sourceTree = "<group>"; };
		9D976C471FDE19F800EF2886 /* UILabel+WYContentSize.h */ = {isa = PBXFileReference; fileEncoding = 4; lastKnownFileType = sourcecode.c.h; path = "UILabel+WYContentSize.h"; sourceTree = "<group>"; };
		9D976C481FDE19F800EF2886 /* UILabel+WYContentSize.m */ = {isa = PBXFileReference; fileEncoding = 4; lastKnownFileType = sourcecode.c.objc; path = "UILabel+WYContentSize.m"; sourceTree = "<group>"; };
		9D976C4B1FDE19F800EF2886 /* UITableView+WYFoldTableView.h */ = {isa = PBXFileReference; fileEncoding = 4; lastKnownFileType = sourcecode.c.h; path = "UITableView+WYFoldTableView.h"; sourceTree = "<group>"; };
		9D976C4C1FDE19F800EF2886 /* UITableView+WYFoldTableView.m */ = {isa = PBXFileReference; fileEncoding = 4; lastKnownFileType = sourcecode.c.objc; path = "UITableView+WYFoldTableView.m"; sourceTree = "<group>"; };
		9D976C4D1FDE19F800EF2886 /* UITableViewCell+Reusable.h */ = {isa = PBXFileReference; fileEncoding = 4; lastKnownFileType = sourcecode.c.h; path = "UITableViewCell+Reusable.h"; sourceTree = "<group>"; };
		9D976C4E1FDE19F800EF2886 /* UITableViewCell+Reusable.m */ = {isa = PBXFileReference; fileEncoding = 4; lastKnownFileType = sourcecode.c.objc; path = "UITableViewCell+Reusable.m"; sourceTree = "<group>"; };
		9D976C4F1FDE19F800EF2886 /* UITextView+WYKit.h */ = {isa = PBXFileReference; fileEncoding = 4; lastKnownFileType = sourcecode.c.h; path = "UITextView+WYKit.h"; sourceTree = "<group>"; };
		9D976C501FDE19F800EF2886 /* UITextView+WYKit.m */ = {isa = PBXFileReference; fileEncoding = 4; lastKnownFileType = sourcecode.c.objc; path = "UITextView+WYKit.m"; sourceTree = "<group>"; };
		9D976C511FDE19F800EF2886 /* UITextView+WYUitls.h */ = {isa = PBXFileReference; fileEncoding = 4; lastKnownFileType = sourcecode.c.h; path = "UITextView+WYUitls.h"; sourceTree = "<group>"; };
		9D976C521FDE19F800EF2886 /* UITextView+WYUitls.m */ = {isa = PBXFileReference; fileEncoding = 4; lastKnownFileType = sourcecode.c.objc; path = "UITextView+WYUitls.m"; sourceTree = "<group>"; };
		9D976C531FDE19F800EF2886 /* UIView+WYKit.h */ = {isa = PBXFileReference; fileEncoding = 4; lastKnownFileType = sourcecode.c.h; path = "UIView+WYKit.h"; sourceTree = "<group>"; };
		9D976C541FDE19F800EF2886 /* UIView+WYKit.m */ = {isa = PBXFileReference; fileEncoding = 4; lastKnownFileType = sourcecode.c.objc; path = "UIView+WYKit.m"; sourceTree = "<group>"; };
		9D976C551FDE19F800EF2886 /* UIView+WYRadius.h */ = {isa = PBXFileReference; fileEncoding = 4; lastKnownFileType = sourcecode.c.h; path = "UIView+WYRadius.h"; sourceTree = "<group>"; };
		9D976C561FDE19F800EF2886 /* UIView+WYRadius.m */ = {isa = PBXFileReference; fileEncoding = 4; lastKnownFileType = sourcecode.c.objc; path = "UIView+WYRadius.m"; sourceTree = "<group>"; };
		9D976C571FDE19F800EF2886 /* UIViewController+WYKit.h */ = {isa = PBXFileReference; fileEncoding = 4; lastKnownFileType = sourcecode.c.h; path = "UIViewController+WYKit.h"; sourceTree = "<group>"; };
		9D976C581FDE19F800EF2886 /* UIViewController+WYKit.m */ = {isa = PBXFileReference; fileEncoding = 4; lastKnownFileType = sourcecode.c.objc; path = "UIViewController+WYKit.m"; sourceTree = "<group>"; };
		9D976C591FDE19F800EF2886 /* UIWebView+WYJavaScript.h */ = {isa = PBXFileReference; fileEncoding = 4; lastKnownFileType = sourcecode.c.h; path = "UIWebView+WYJavaScript.h"; sourceTree = "<group>"; };
		9D976C5A1FDE19F800EF2886 /* UIWebView+WYJavaScript.m */ = {isa = PBXFileReference; fileEncoding = 4; lastKnownFileType = sourcecode.c.objc; path = "UIWebView+WYJavaScript.m"; sourceTree = "<group>"; };
		9D976C5B1FDE19F800EF2886 /* WYCategory.h */ = {isa = PBXFileReference; fileEncoding = 4; lastKnownFileType = sourcecode.c.h; path = WYCategory.h; sourceTree = "<group>"; };
		9D976C5D1FDE19F800EF2886 /* WYAlertSheet.h */ = {isa = PBXFileReference; fileEncoding = 4; lastKnownFileType = sourcecode.c.h; path = WYAlertSheet.h; sourceTree = "<group>"; };
		9D976C5E1FDE19F800EF2886 /* WYAlertSheet.m */ = {isa = PBXFileReference; fileEncoding = 4; lastKnownFileType = sourcecode.c.objc; path = WYAlertSheet.m; sourceTree = "<group>"; };
		9D976C5F1FDE19F800EF2886 /* WYAlertTools.h */ = {isa = PBXFileReference; fileEncoding = 4; lastKnownFileType = sourcecode.c.h; path = WYAlertTools.h; sourceTree = "<group>"; };
		9D976C601FDE19F800EF2886 /* WYAlertTools.m */ = {isa = PBXFileReference; fileEncoding = 4; lastKnownFileType = sourcecode.c.objc; path = WYAlertTools.m; sourceTree = "<group>"; };
		9D976C611FDE19F800EF2886 /* WYAuthorizationTool.h */ = {isa = PBXFileReference; fileEncoding = 4; lastKnownFileType = sourcecode.c.h; path = WYAuthorizationTool.h; sourceTree = "<group>"; };
		9D976C621FDE19F800EF2886 /* WYAuthorizationTool.m */ = {isa = PBXFileReference; fileEncoding = 4; lastKnownFileType = sourcecode.c.objc; path = WYAuthorizationTool.m; sourceTree = "<group>"; };
		9D976C631FDE19F800EF2886 /* WYBluetoothManager.h */ = {isa = PBXFileReference; fileEncoding = 4; lastKnownFileType = sourcecode.c.h; path = WYBluetoothManager.h; sourceTree = "<group>"; };
		9D976C641FDE19F800EF2886 /* WYBluetoothManager.m */ = {isa = PBXFileReference; fileEncoding = 4; lastKnownFileType = sourcecode.c.objc; path = WYBluetoothManager.m; sourceTree = "<group>"; };
		9D976C651FDE19F800EF2886 /* WYClass.h */ = {isa = PBXFileReference; fileEncoding = 4; lastKnownFileType = sourcecode.c.h; path = WYClass.h; sourceTree = "<group>"; };
		9D976C681FDE19F800EF2886 /* WYColatingTextFeild.h */ = {isa = PBXFileReference; fileEncoding = 4; lastKnownFileType = sourcecode.c.h; path = WYColatingTextFeild.h; sourceTree = "<group>"; };
		9D976C691FDE19F800EF2886 /* WYColatingTextFeild.m */ = {isa = PBXFileReference; fileEncoding = 4; lastKnownFileType = sourcecode.c.objc; path = WYColatingTextFeild.m; sourceTree = "<group>"; };
		9D976C6A1FDE19F800EF2886 /* WYDispatch.h */ = {isa = PBXFileReference; fileEncoding = 4; lastKnownFileType = sourcecode.c.h; path = WYDispatch.h; sourceTree = "<group>"; };
		9D976C6B1FDE19F800EF2886 /* WYDispatch.m */ = {isa = PBXFileReference; fileEncoding = 4; lastKnownFileType = sourcecode.c.objc; path = WYDispatch.m; sourceTree = "<group>"; };
		9D976C6C1FDE19F800EF2886 /* WYDownloadManager.h */ = {isa = PBXFileReference; fileEncoding = 4; lastKnownFileType = sourcecode.c.h; path = WYDownloadManager.h; sourceTree = "<group>"; };
		9D976C6D1FDE19F800EF2886 /* WYDownloadManager.m */ = {isa = PBXFileReference; fileEncoding = 4; lastKnownFileType = sourcecode.c.objc; path = WYDownloadManager.m; sourceTree = "<group>"; };
		9D976C6E1FDE19F800EF2886 /* WYHiddenAlertView.h */ = {isa = PBXFileReference; fileEncoding = 4; lastKnownFileType = sourcecode.c.h; path = WYHiddenAlertView.h; sourceTree = "<group>"; };
		9D976C6F1FDE19F800EF2886 /* WYHiddenAlertView.m */ = {isa = PBXFileReference; fileEncoding = 4; lastKnownFileType = sourcecode.c.objc; path = WYHiddenAlertView.m; sourceTree = "<group>"; };
		9D976C741FDE19F800EF2886 /* WYTouchID.h */ = {isa = PBXFileReference; fileEncoding = 4; lastKnownFileType = sourcecode.c.h; path = WYTouchID.h; sourceTree = "<group>"; };
		9D976C751FDE19F800EF2886 /* WYTouchID.m */ = {isa = PBXFileReference; fileEncoding = 4; lastKnownFileType = sourcecode.c.objc; path = WYTouchID.m; sourceTree = "<group>"; };
		9D976C761FDE19F800EF2886 /* WYTransition.h */ = {isa = PBXFileReference; fileEncoding = 4; lastKnownFileType = sourcecode.c.h; path = WYTransition.h; sourceTree = "<group>"; };
		9D976C771FDE19F800EF2886 /* WYTransition.m */ = {isa = PBXFileReference; fileEncoding = 4; lastKnownFileType = sourcecode.c.objc; path = WYTransition.m; sourceTree = "<group>"; };
		9D976C781FDE19F800EF2886 /* WYVersionManager.h */ = {isa = PBXFileReference; fileEncoding = 4; lastKnownFileType = sourcecode.c.h; path = WYVersionManager.h; sourceTree = "<group>"; };
		9D976C791FDE19F800EF2886 /* WYVersionManager.m */ = {isa = PBXFileReference; fileEncoding = 4; lastKnownFileType = sourcecode.c.objc; path = WYVersionManager.m; sourceTree = "<group>"; };
		9D976C7B1FDE19F800EF2886 /* WYCategoryMacro.h */ = {isa = PBXFileReference; fileEncoding = 4; lastKnownFileType = sourcecode.c.h; path = WYCategoryMacro.h; sourceTree = "<group>"; };
		9D976C7C1FDE19F800EF2886 /* WYCommonAppKey.h */ = {isa = PBXFileReference; fileEncoding = 4; lastKnownFileType = sourcecode.c.h; path = WYCommonAppKey.h; sourceTree = "<group>"; };
		9D976C7D1FDE19F800EF2886 /* WYCommonMacros.h */ = {isa = PBXFileReference; fileEncoding = 4; lastKnownFileType = sourcecode.c.h; path = WYCommonMacros.h; sourceTree = "<group>"; };
		9D976C7E1FDE19F800EF2886 /* WYLog.h */ = {isa = PBXFileReference; fileEncoding = 4; lastKnownFileType = sourcecode.c.h; path = WYLog.h; sourceTree = "<group>"; };
		9D976C7F1FDE19F800EF2886 /* WYMacros.h */ = {isa = PBXFileReference; fileEncoding = 4; lastKnownFileType = sourcecode.c.h; path = WYMacros.h; sourceTree = "<group>"; };
		9D976C871FDE19F800EF2886 /* UIButton+WYURLRadius.h */ = {isa = PBXFileReference; fileEncoding = 4; lastKnownFileType = sourcecode.c.h; path = "UIButton+WYURLRadius.h"; sourceTree = "<group>"; };
		9D976C881FDE19F800EF2886 /* UIButton+WYURLRadius.m */ = {isa = PBXFileReference; fileEncoding = 4; lastKnownFileType = sourcecode.c.objc; path = "UIButton+WYURLRadius.m"; sourceTree = "<group>"; };
		9D976C891FDE19F800EF2886 /* UIImageView+Base64Image.h */ = {isa = PBXFileReference; fileEncoding = 4; lastKnownFileType = sourcecode.c.h; path = "UIImageView+Base64Image.h"; sourceTree = "<group>"; };
		9D976C8A1FDE19F800EF2886 /* UIImageView+Base64Image.m */ = {isa = PBXFileReference; fileEncoding = 4; lastKnownFileType = sourcecode.c.objc; path = "UIImageView+Base64Image.m"; sourceTree = "<group>"; };
		9D976C8B1FDE19F800EF2886 /* UIView+Forbearance.h */ = {isa = PBXFileReference; fileEncoding = 4; lastKnownFileType = sourcecode.c.h; path = "UIView+Forbearance.h"; sourceTree = "<group>"; };
		9D976C8C1FDE19F800EF2886 /* UIView+Forbearance.m */ = {isa = PBXFileReference; fileEncoding = 4; lastKnownFileType = sourcecode.c.objc; path = "UIView+Forbearance.m"; sourceTree = "<group>"; };
		9D976C8D1FDE19F800EF2886 /* WYCache.h */ = {isa = PBXFileReference; fileEncoding = 4; lastKnownFileType = sourcecode.c.h; path = WYCache.h; sourceTree = "<group>"; };
		9D976C8E1FDE19F800EF2886 /* WYCache.m */ = {isa = PBXFileReference; fileEncoding = 4; lastKnownFileType = sourcecode.c.objc; path = WYCache.m; sourceTree = "<group>"; };
		9D976C951FDE19F800EF2886 /* WYThirdClass.h */ = {isa = PBXFileReference; fileEncoding = 4; lastKnownFileType = sourcecode.c.h; path = WYThirdClass.h; sourceTree = "<group>"; };
		9D976C961FDE19F800EF2886 /* WYKit.h */ = {isa = PBXFileReference; fileEncoding = 4; lastKnownFileType = sourcecode.c.h; path = WYKit.h; sourceTree = "<group>"; };
		ED1EE60DB6589E4BB71C06E2 /* Pods-WYKit.release.xcconfig */ = {isa = PBXFileReference; includeInIndex = 1; lastKnownFileType = text.xcconfig; name = "Pods-WYKit.release.xcconfig"; path = "Pods/Target Support Files/Pods-WYKit/Pods-WYKit.release.xcconfig"; sourceTree = "<group>"; };
		F9A5FD5C4637C74C91C82B40 /* Pods-WYKit.debug.xcconfig */ = {isa = PBXFileReference; includeInIndex = 1; lastKnownFileType = text.xcconfig; name = "Pods-WYKit.debug.xcconfig"; path = "Pods/Target Support Files/Pods-WYKit/Pods-WYKit.debug.xcconfig"; sourceTree = "<group>"; };
/* End PBXFileReference section */

/* Begin PBXFrameworksBuildPhase section */
		9D7EDEEC1E741C0A0041F645 /* Frameworks */ = {
			isa = PBXFrameworksBuildPhase;
			buildActionMask = 2147483647;
			files = (
				DB1F03B38C7F07B66BC3D218 /* libPods-WYKit.a in Frameworks */,
			);
			runOnlyForDeploymentPostprocessing = 0;
		};
/* End PBXFrameworksBuildPhase section */

/* Begin PBXGroup section */
		1909E04CBF6A61894E6C1A40 /* Frameworks */ = {
			isa = PBXGroup;
			children = (
				275C0163F1A9165D286C7AED /* libPods-WYKit.a */,
			);
			name = Frameworks;
			sourceTree = "<group>";
		};
		9D59395B210C9CE90073A4C2 /* WYNetwork */ = {
			isa = PBXGroup;
			children = (
				9D593969210C9CE90073A4C2 /* WYNetwork.h */,
				9D59396D210C9CE90073A4C2 /* WYNetworkHeader.h */,
				9D593960210C9CE90073A4C2 /* WYNetworkProtocol.h */,
				9D593968210C9CE90073A4C2 /* WYNetworkUtils.h */,
				9D593975210C9CE90073A4C2 /* WYNetworkUtils.m */,
				9D593970210C9CE90073A4C2 /* WYNetworkConfig.h */,
				9D59395D210C9CE90073A4C2 /* WYNetworkConfig.m */,
				9D593965210C9CE90073A4C2 /* WYImageScaleTool.h */,
				9D593978210C9CE90073A4C2 /* WYImageScaleTool.m */,
				9D59396C210C9CE90073A4C2 /* WYNetworkManager.h */,
				9D593961210C9CE90073A4C2 /* WYNetworkManager.m */,
				9D593973210C9CE90073A4C2 /* WYNetworkCacheInfo.h */,
				9D593962210C9CE90073A4C2 /* WYNetworkCacheInfo.m */,
				9D59396F210C9CE90073A4C2 /* WYNetworkRequestPool.h */,
				9D59395E210C9CE90073A4C2 /* WYNetworkRequestPool.m */,
				9D593967210C9CE90073A4C2 /* WYNetworkBaseEngine.h */,
				9D593976210C9CE90073A4C2 /* WYNetworkBaseEngine.m */,
				9D593971210C9CE90073A4C2 /* WYNetworkUploadEngine.h */,
				9D593964210C9CE90073A4C2 /* WYNetworkUploadEngine.m */,
				9D593963210C9CE90073A4C2 /* WYNetworkRequestEngine.h */,
				9D593972210C9CE90073A4C2 /* WYNetworkRequestEngine.m */,
				9D59396B210C9CE90073A4C2 /* WYNetworkRequestModel.h */,
				9D59395C210C9CE90073A4C2 /* WYNetworkRequestModel.m */,
				9D59395F210C9CE90073A4C2 /* WYNetworkCacheManager.h */,
				9D59396E210C9CE90073A4C2 /* WYNetworkCacheManager.m */,
				9D59396A210C9CE90073A4C2 /* WYNetworkDownloadEngine.h */,
				9D593974210C9CE90073A4C2 /* WYNetworkDownloadEngine.m */,
				9D593977210C9CE90073A4C2 /* WYNetworkDownloadResumeDataInfo.h */,
				9D593966210C9CE90073A4C2 /* WYNetworkDownloadResumeDataInfo.m */,
			);
			path = WYNetwork;
			sourceTree = "<group>";
		};
		9D7EDEE61E741C0A0041F645 = {
			isa = PBXGroup;
			children = (
				9D7EDEF11E741C0A0041F645 /* WYKit */,
				9D7EDEF01E741C0A0041F645 /* Products */,
				E6DF73297CD3EC3CE9A06016 /* Pods */,
				1909E04CBF6A61894E6C1A40 /* Frameworks */,
			);
			sourceTree = "<group>";
		};
		9D7EDEF01E741C0A0041F645 /* Products */ = {
			isa = PBXGroup;
			children = (
				9D7EDEEF1E741C0A0041F645 /* WYKit.app */,
			);
			name = Products;
			sourceTree = "<group>";
		};
		9D7EDEF11E741C0A0041F645 /* WYKit */ = {
			isa = PBXGroup;
			children = (
				9D976C131FDE19F800EF2886 /* WYKit */,
				9D7EDEF51E741C0A0041F645 /* AppDelegate.h */,
				9D7EDEF61E741C0A0041F645 /* AppDelegate.m */,
				9D7EDEF81E741C0A0041F645 /* ViewController.h */,
				9D7EDEF91E741C0A0041F645 /* ViewController.m */,
				9D7EDEF21E741C0A0041F645 /* Supporting Files */,
			);
			path = WYKit;
			sourceTree = "<group>";
		};
		9D7EDEF21E741C0A0041F645 /* Supporting Files */ = {
			isa = PBXGroup;
			children = (
				9D7EDF7C1E74280E0041F645 /* PodFile */,
				9D7EDEFB1E741C0A0041F645 /* Main.storyboard */,
				9D7EDEFE1E741C0A0041F645 /* Assets.xcassets */,
				9D7EDF001E741C0B0041F645 /* LaunchScreen.storyboard */,
				9D7EDF031E741C0B0041F645 /* Info.plist */,
				9D7EDF771E741C930041F645 /* PrefixHeader.pch */,
				9D7EDEF31E741C0A0041F645 /* main.m */,
			);
			name = "Supporting Files";
			sourceTree = "<group>";
		};
		9D976C131FDE19F800EF2886 /* WYKit */ = {
			isa = PBXGroup;
			children = (
				9D59395B210C9CE90073A4C2 /* WYNetwork */,
				9D976C141FDE19F800EF2886 /* Category */,
				9D976C5C1FDE19F800EF2886 /* Class */,
				9D976C7A1FDE19F800EF2886 /* Macros */,
				9D976C801FDE19F800EF2886 /* ThirdClass */,
				9D976C961FDE19F800EF2886 /* WYKit.h */,
			);
			path = WYKit;
			sourceTree = "<group>";
		};
		9D976C141FDE19F800EF2886 /* Category */ = {
			isa = PBXGroup;
			children = (
				9D976C151FDE19F800EF2886 /* NSArray+WYKit.h */,
				9D976C161FDE19F800EF2886 /* NSArray+WYKit.m */,
				9D976C171FDE19F800EF2886 /* NSAttributedString+WYKit.h */,
				9D976C181FDE19F800EF2886 /* NSAttributedString+WYKit.m */,
				9D976C191FDE19F800EF2886 /* NSData+WYEncryption.h */,
				9D976C1A1FDE19F800EF2886 /* NSData+WYEncryption.m */,
				9D976C1B1FDE19F800EF2886 /* NSDate+WYKit.h */,
				9D976C1C1FDE19F800EF2886 /* NSDate+WYKit.m */,
				9D976C1D1FDE19F800EF2886 /* NSFileManager+WYKit.h */,
				9D976C1E1FDE19F800EF2886 /* NSFileManager+WYKit.m */,
				9D976C1F1FDE19F800EF2886 /* NSMutableArray+WYKit.h */,
				9D976C201FDE19F800EF2886 /* NSMutableArray+WYKit.m */,
				9D976C211FDE19F800EF2886 /* NSMutableString+WYKit.h */,
				9D976C221FDE19F800EF2886 /* NSMutableString+WYKit.m */,
				9D976C231FDE19F800EF2886 /* NSObject+WYSize.h */,
				9D976C241FDE19F800EF2886 /* NSObject+WYSize.m */,
				9D976C251FDE19F800EF2886 /* NSString+Hash.h */,
				9D976C261FDE19F800EF2886 /* NSString+Hash.m */,
				9D976C271FDE19F800EF2886 /* NSString+WYCommonString.h */,
				9D976C281FDE19F800EF2886 /* NSString+WYCommonString.m */,
				9D976C291FDE19F800EF2886 /* NSString+WYKit.h */,
				9D976C2A1FDE19F800EF2886 /* NSString+WYKit.m */,
				9D976C2B1FDE19F800EF2886 /* UIBarButtonItem+WYKit.h */,
				9D976C2C1FDE19F800EF2886 /* UIBarButtonItem+WYKit.m */,
				9D976C2D1FDE19F800EF2886 /* UIButton+WYCountdown.h */,
				9D976C2E1FDE19F800EF2886 /* UIButton+WYCountdown.m */,
				9D976C2F1FDE19F800EF2886 /* UIButton+WYKit.h */,
				9D976C301FDE19F800EF2886 /* UIButton+WYKit.m */,
				9D976C331FDE19F800EF2886 /* UIColor+WYWeb.h */,
				9D976C341FDE19F800EF2886 /* UIColor+WYWeb.m */,
				9D976C351FDE19F800EF2886 /* UIDevice+WYHardward.h */,
				9D976C361FDE19F800EF2886 /* UIDevice+WYHardward.m */,
				9D976C371FDE19F800EF2886 /* UIImage+RemoteSize.h */,
				9D976C381FDE19F800EF2886 /* UIImage+RemoteSize.m */,
				9D976C391FDE19F800EF2886 /* UIImage+WaterMark.h */,
				9D976C3A1FDE19F800EF2886 /* UIImage+WaterMark.m */,
				9D976C3D1FDE19F800EF2886 /* UIImage+WYKit.h */,
				9D976C3E1FDE19F800EF2886 /* UIImage+WYKit.m */,
				9D976C3F1FDE19F800EF2886 /* UIImage+WYRadius.h */,
				9D976C401FDE19F800EF2886 /* UIImage+WYRadius.m */,
				9D976C411FDE19F800EF2886 /* UIImageView+WYCornerRadius.h */,
				9D976C421FDE19F800EF2886 /* UIImageView+WYCornerRadius.m */,
				9D976C431FDE19F800EF2886 /* UIImageView+WYFaceAwareFill.h */,
				9D976C441FDE19F800EF2886 /* UIImageView+WYFaceAwareFill.m */,
				9D976C451FDE19F800EF2886 /* UILabel+WYAttributeTextTapAction.h */,
				9D976C461FDE19F800EF2886 /* UILabel+WYAttributeTextTapAction.m */,
				9D976C471FDE19F800EF2886 /* UILabel+WYContentSize.h */,
				9D976C481FDE19F800EF2886 /* UILabel+WYContentSize.m */,
				9D976C4B1FDE19F800EF2886 /* UITableView+WYFoldTableView.h */,
				9D976C4C1FDE19F800EF2886 /* UITableView+WYFoldTableView.m */,
				9D976C4D1FDE19F800EF2886 /* UITableViewCell+Reusable.h */,
				9D976C4E1FDE19F800EF2886 /* UITableViewCell+Reusable.m */,
				9D976C4F1FDE19F800EF2886 /* UITextView+WYKit.h */,
				9D976C501FDE19F800EF2886 /* UITextView+WYKit.m */,
				9D976C511FDE19F800EF2886 /* UITextView+WYUitls.h */,
				9D976C521FDE19F800EF2886 /* UITextView+WYUitls.m */,
				9D976C531FDE19F800EF2886 /* UIView+WYKit.h */,
				9D976C541FDE19F800EF2886 /* UIView+WYKit.m */,
				9D976C551FDE19F800EF2886 /* UIView+WYRadius.h */,
				9D976C561FDE19F800EF2886 /* UIView+WYRadius.m */,
				9D976C571FDE19F800EF2886 /* UIViewController+WYKit.h */,
				9D976C581FDE19F800EF2886 /* UIViewController+WYKit.m */,
				9D976C591FDE19F800EF2886 /* UIWebView+WYJavaScript.h */,
				9D976C5A1FDE19F800EF2886 /* UIWebView+WYJavaScript.m */,
				9D593952210C91B60073A4C2 /* UICollectionView+DynamicCacheHeightLayoutCell.h */,
				9D593953210C91B60073A4C2 /* UICollectionView+DynamicCacheHeightLayoutCell.m */,
				9D593956210C97B60073A4C2 /* UIViewController+ImagePickerManager.h */,
				9D593955210C97B60073A4C2 /* UIViewController+ImagePickerManager.m */,
				9D976C5B1FDE19F800EF2886 /* WYCategory.h */,
			);
			path = Category;
			sourceTree = "<group>";
		};
		9D976C5C1FDE19F800EF2886 /* Class */ = {
			isa = PBXGroup;
			children = (
				9D976C651FDE19F800EF2886 /* WYClass.h */,
				9D976C5D1FDE19F800EF2886 /* WYAlertSheet.h */,
				9D976C5E1FDE19F800EF2886 /* WYAlertSheet.m */,
				9D976C5F1FDE19F800EF2886 /* WYAlertTools.h */,
				9D976C601FDE19F800EF2886 /* WYAlertTools.m */,
				9D976C611FDE19F800EF2886 /* WYAuthorizationTool.h */,
				9D976C621FDE19F800EF2886 /* WYAuthorizationTool.m */,
				9D976C631FDE19F800EF2886 /* WYBluetoothManager.h */,
				9D976C641FDE19F800EF2886 /* WYBluetoothManager.m */,
				9D976C681FDE19F800EF2886 /* WYColatingTextFeild.h */,
				9D976C691FDE19F800EF2886 /* WYColatingTextFeild.m */,
				9D59394F210C84B60073A4C2 /* WYInputTextView.h */,
				9D593950210C84B60073A4C2 /* WYInputTextView.m */,
				9D976C6A1FDE19F800EF2886 /* WYDispatch.h */,
				9D976C6B1FDE19F800EF2886 /* WYDispatch.m */,
				9D976C6C1FDE19F800EF2886 /* WYDownloadManager.h */,
				9D976C6D1FDE19F800EF2886 /* WYDownloadManager.m */,
				9D976C6E1FDE19F800EF2886 /* WYHiddenAlertView.h */,
				9D976C6F1FDE19F800EF2886 /* WYHiddenAlertView.m */,
				9D976C741FDE19F800EF2886 /* WYTouchID.h */,
				9D976C751FDE19F800EF2886 /* WYTouchID.m */,
				9D593958210C97ED0073A4C2 /* WYLocation.h */,
				9D593959210C97ED0073A4C2 /* WYLocation.m */,
				9D976C761FDE19F800EF2886 /* WYTransition.h */,
				9D976C771FDE19F800EF2886 /* WYTransition.m */,
				9D976C781FDE19F800EF2886 /* WYVersionManager.h */,
				9D976C791FDE19F800EF2886 /* WYVersionManager.m */,
			);
			path = Class;
			sourceTree = "<group>";
		};
		9D976C7A1FDE19F800EF2886 /* Macros */ = {
			isa = PBXGroup;
			children = (
				9D976C7B1FDE19F800EF2886 /* WYCategoryMacro.h */,
				9D976C7C1FDE19F800EF2886 /* WYCommonAppKey.h */,
				9D976C7D1FDE19F800EF2886 /* WYCommonMacros.h */,
				9D976C7E1FDE19F800EF2886 /* WYLog.h */,
				9D976C7F1FDE19F800EF2886 /* WYMacros.h */,
			);
			path = Macros;
			sourceTree = "<group>";
		};
		9D976C801FDE19F800EF2886 /* ThirdClass */ = {
			isa = PBXGroup;
			children = (
				9D976C871FDE19F800EF2886 /* UIButton+WYURLRadius.h */,
				9D976C881FDE19F800EF2886 /* UIButton+WYURLRadius.m */,
				9D976C891FDE19F800EF2886 /* UIImageView+Base64Image.h */,
				9D976C8A1FDE19F800EF2886 /* UIImageView+Base64Image.m */,
				9D976C8B1FDE19F800EF2886 /* UIView+Forbearance.h */,
				9D976C8C1FDE19F800EF2886 /* UIView+Forbearance.m */,
				9D976C8D1FDE19F800EF2886 /* WYCache.h */,
				9D976C8E1FDE19F800EF2886 /* WYCache.m */,
				9D976C951FDE19F800EF2886 /* WYThirdClass.h */,
			);
			path = ThirdClass;
			sourceTree = "<group>";
		};
		E6DF73297CD3EC3CE9A06016 /* Pods */ = {
			isa = PBXGroup;
			children = (
				F9A5FD5C4637C74C91C82B40 /* Pods-WYKit.debug.xcconfig */,
				ED1EE60DB6589E4BB71C06E2 /* Pods-WYKit.release.xcconfig */,
			);
			name = Pods;
			sourceTree = "<group>";
		};
/* End PBXGroup section */

/* Begin PBXNativeTarget section */
		9D7EDEEE1E741C0A0041F645 /* WYKit */ = {
			isa = PBXNativeTarget;
			buildConfigurationList = 9D7EDF061E741C0B0041F645 /* Build configuration list for PBXNativeTarget "WYKit" */;
			buildPhases = (
				F6634E541C511D813A4C1B8E /* [CP] Check Pods Manifest.lock */,
				9D7EDEEB1E741C0A0041F645 /* Sources */,
				9D7EDEEC1E741C0A0041F645 /* Frameworks */,
				9D7EDEED1E741C0A0041F645 /* Resources */,
				8EF0732622DECAC171B7E5F7 /* [CP] Embed Pods Frameworks */,
				59B9D47556DD1853EC4450EB /* [CP] Copy Pods Resources */,
			);
			buildRules = (
			);
			dependencies = (
			);
			name = WYKit;
			productName = WYKit;
			productReference = 9D7EDEEF1E741C0A0041F645 /* WYKit.app */;
			productType = "com.apple.product-type.application";
		};
/* End PBXNativeTarget section */

/* Begin PBXProject section */
		9D7EDEE71E741C0A0041F645 /* Project object */ = {
			isa = PBXProject;
			attributes = {
				LastUpgradeCheck = 0720;
				ORGANIZATIONNAME = "之静之初";
				TargetAttributes = {
					9D7EDEEE1E741C0A0041F645 = {
						CreatedOnToolsVersion = 7.2;
						DevelopmentTeam = N87SJH8MLD;
					};
				};
			};
			buildConfigurationList = 9D7EDEEA1E741C0A0041F645 /* Build configuration list for PBXProject "WYKit" */;
			compatibilityVersion = "Xcode 3.2";
			developmentRegion = English;
			hasScannedForEncodings = 0;
			knownRegions = (
				en,
				Base,
			);
			mainGroup = 9D7EDEE61E741C0A0041F645;
			productRefGroup = 9D7EDEF01E741C0A0041F645 /* Products */;
			projectDirPath = "";
			projectRoot = "";
			targets = (
				9D7EDEEE1E741C0A0041F645 /* WYKit */,
			);
		};
/* End PBXProject section */

/* Begin PBXResourcesBuildPhase section */
		9D7EDEED1E741C0A0041F645 /* Resources */ = {
			isa = PBXResourcesBuildPhase;
			buildActionMask = 2147483647;
			files = (
				9D7EDF021E741C0B0041F645 /* LaunchScreen.storyboard in Resources */,
				9D7EDEFF1E741C0A0041F645 /* Assets.xcassets in Resources */,
				9D7EDF7D1E74280E0041F645 /* PodFile in Resources */,
				9D7EDEFD1E741C0A0041F645 /* Main.storyboard in Resources */,
			);
			runOnlyForDeploymentPostprocessing = 0;
		};
/* End PBXResourcesBuildPhase section */

/* Begin PBXShellScriptBuildPhase section */
		59B9D47556DD1853EC4450EB /* [CP] Copy Pods Resources */ = {
			isa = PBXShellScriptBuildPhase;
			buildActionMask = 2147483647;
			files = (
			);
			inputPaths = (
			);
			name = "[CP] Copy Pods Resources";
			outputPaths = (
			);
			runOnlyForDeploymentPostprocessing = 0;
			shellPath = /bin/sh;
			shellScript = "\"${SRCROOT}/Pods/Target Support Files/Pods-WYKit/Pods-WYKit-resources.sh\"\n";
			showEnvVarsInLog = 0;
		};
		8EF0732622DECAC171B7E5F7 /* [CP] Embed Pods Frameworks */ = {
			isa = PBXShellScriptBuildPhase;
			buildActionMask = 2147483647;
			files = (
			);
			inputPaths = (
			);
			name = "[CP] Embed Pods Frameworks";
			outputPaths = (
			);
			runOnlyForDeploymentPostprocessing = 0;
			shellPath = /bin/sh;
			shellScript = "\"${SRCROOT}/Pods/Target Support Files/Pods-WYKit/Pods-WYKit-frameworks.sh\"\n";
			showEnvVarsInLog = 0;
		};
		F6634E541C511D813A4C1B8E /* [CP] Check Pods Manifest.lock */ = {
			isa = PBXShellScriptBuildPhase;
			buildActionMask = 2147483647;
			files = (
			);
			inputPaths = (
			);
			name = "[CP] Check Pods Manifest.lock";
			outputPaths = (
			);
			runOnlyForDeploymentPostprocessing = 0;
			shellPath = /bin/sh;
			shellScript = "diff \"${PODS_ROOT}/../Podfile.lock\" \"${PODS_ROOT}/Manifest.lock\" > /dev/null\nif [ $? != 0 ] ; then\n    # print error to STDERR\n    echo \"error: The sandbox is not in sync with the Podfile.lock. Run 'pod install' or update your CocoaPods installation.\" >&2\n    exit 1\nfi\n";
			showEnvVarsInLog = 0;
		};
/* End PBXShellScriptBuildPhase section */

/* Begin PBXSourcesBuildPhase section */
		9D7EDEEB1E741C0A0041F645 /* Sources */ = {
			isa = PBXSourcesBuildPhase;
			buildActionMask = 2147483647;
			files = (
				9D593981210C9CE90073A4C2 /* WYNetworkRequestEngine.m in Sources */,
				9D59397D210C9CE90073A4C2 /* WYNetworkCacheInfo.m in Sources */,
				9D976CCE1FDE19F800EF2886 /* WYCache.m in Sources */,
				9D7EDEFA1E741C0A0041F645 /* ViewController.m in Sources */,
				9D976CAC1FDE19F800EF2886 /* UIImage+WYRadius.m in Sources */,
				9D593954210C91B60073A4C2 /* UICollectionView+DynamicCacheHeightLayoutCell.m in Sources */,
				9D976CC71FDE19F800EF2886 /* WYVersionManager.m in Sources */,
				9D7EDEF71E741C0A0041F645 /* AppDelegate.m in Sources */,
				9D976CBB1FDE19F800EF2886 /* WYAlertTools.m in Sources */,
				9D976CC61FDE19F800EF2886 /* WYTransition.m in Sources */,
				9D593957210C97B60073A4C2 /* UIViewController+ImagePickerManager.m in Sources */,
				9D976CAF1FDE19F800EF2886 /* UILabel+WYAttributeTextTapAction.m in Sources */,
				9D976C9B1FDE19F800EF2886 /* NSFileManager+WYKit.m in Sources */,
				9D976CA21FDE19F800EF2886 /* UIBarButtonItem+WYKit.m in Sources */,
				9D59397F210C9CE90073A4C2 /* WYNetworkDownloadResumeDataInfo.m in Sources */,
				9D976CAB1FDE19F800EF2886 /* UIImage+WYKit.m in Sources */,
				9D976CB01FDE19F800EF2886 /* UILabel+WYContentSize.m in Sources */,
				9D976C9D1FDE19F800EF2886 /* NSMutableString+WYKit.m in Sources */,
				9D976CA01FDE19F800EF2886 /* NSString+WYCommonString.m in Sources */,
				9D976CCC1FDE19F800EF2886 /* UIImageView+Base64Image.m in Sources */,
				9D976CA71FDE19F800EF2886 /* UIDevice+WYHardward.m in Sources */,
				9D976CB31FDE19F800EF2886 /* UITableViewCell+Reusable.m in Sources */,
				9D976CA81FDE19F800EF2886 /* UIImage+RemoteSize.m in Sources */,
				9D59397A210C9CE90073A4C2 /* WYNetworkConfig.m in Sources */,
				9D976C9C1FDE19F800EF2886 /* NSMutableArray+WYKit.m in Sources */,
				9D976C9A1FDE19F800EF2886 /* NSDate+WYKit.m in Sources */,
				9D976CBF1FDE19F800EF2886 /* WYColatingTextFeild.m in Sources */,
				9D976CBA1FDE19F800EF2886 /* WYAlertSheet.m in Sources */,
				9D593982210C9CE90073A4C2 /* WYNetworkDownloadEngine.m in Sources */,
				9D976CB71FDE19F800EF2886 /* UIView+WYRadius.m in Sources */,
				9D976CC51FDE19F800EF2886 /* WYTouchID.m in Sources */,
				9D593979210C9CE90073A4C2 /* WYNetworkRequestModel.m in Sources */,
				9D976C9F1FDE19F800EF2886 /* NSString+Hash.m in Sources */,
				9D59397B210C9CE90073A4C2 /* WYNetworkRequestPool.m in Sources */,
				9D976CAD1FDE19F800EF2886 /* UIImageView+WYCornerRadius.m in Sources */,
				9D976C971FDE19F800EF2886 /* NSArray+WYKit.m in Sources */,
				9D976CB91FDE19F800EF2886 /* UIWebView+WYJavaScript.m in Sources */,
				9D976CC01FDE19F800EF2886 /* WYDispatch.m in Sources */,
				9D59397E210C9CE90073A4C2 /* WYNetworkUploadEngine.m in Sources */,
				9D59397C210C9CE90073A4C2 /* WYNetworkManager.m in Sources */,
				9D976C981FDE19F800EF2886 /* NSAttributedString+WYKit.m in Sources */,
				9D976CA61FDE19F800EF2886 /* UIColor+WYWeb.m in Sources */,
				9D976CA91FDE19F800EF2886 /* UIImage+WaterMark.m in Sources */,
				9D976CB81FDE19F800EF2886 /* UIViewController+WYKit.m in Sources */,
				9D976CA31FDE19F800EF2886 /* UIButton+WYCountdown.m in Sources */,
				9D593980210C9CE90073A4C2 /* WYNetworkCacheManager.m in Sources */,
				9D976CBD1FDE19F800EF2886 /* WYBluetoothManager.m in Sources */,
				9D976CAE1FDE19F800EF2886 /* UIImageView+WYFaceAwareFill.m in Sources */,
				9D976CBC1FDE19F800EF2886 /* WYAuthorizationTool.m in Sources */,
				9D976CB41FDE19F800EF2886 /* UITextView+WYKit.m in Sources */,
				9D593983210C9CE90073A4C2 /* WYNetworkUtils.m in Sources */,
				9D59395A210C97ED0073A4C2 /* WYLocation.m in Sources */,
				9D976CC11FDE19F800EF2886 /* WYDownloadManager.m in Sources */,
				9D593951210C84B60073A4C2 /* WYInputTextView.m in Sources */,
				9D7EDEF41E741C0A0041F645 /* main.m in Sources */,
				9D976CCB1FDE19F800EF2886 /* UIButton+WYURLRadius.m in Sources */,
				9D976CA41FDE19F800EF2886 /* UIButton+WYKit.m in Sources */,
				9D976CB61FDE19F800EF2886 /* UIView+WYKit.m in Sources */,
				9D593985210C9CE90073A4C2 /* WYImageScaleTool.m in Sources */,
				9D976CA11FDE19F800EF2886 /* NSString+WYKit.m in Sources */,
				9D976CB51FDE19F800EF2886 /* UITextView+WYUitls.m in Sources */,
				9D976CB21FDE19F800EF2886 /* UITableView+WYFoldTableView.m in Sources */,
				9D593984210C9CE90073A4C2 /* WYNetworkBaseEngine.m in Sources */,
				9D976C9E1FDE19F800EF2886 /* NSObject+WYSize.m in Sources */,
				9D976CC21FDE19F800EF2886 /* WYHiddenAlertView.m in Sources */,
				9D976C991FDE19F800EF2886 /* NSData+WYEncryption.m in Sources */,
				9D976CCD1FDE19F800EF2886 /* UIView+Forbearance.m in Sources */,
			);
			runOnlyForDeploymentPostprocessing = 0;
		};
/* End PBXSourcesBuildPhase section */

/* Begin PBXVariantGroup section */
		9D7EDEFB1E741C0A0041F645 /* Main.storyboard */ = {
			isa = PBXVariantGroup;
			children = (
				9D7EDEFC1E741C0A0041F645 /* Base */,
			);
			name = Main.storyboard;
			sourceTree = "<group>";
		};
		9D7EDF001E741C0B0041F645 /* LaunchScreen.storyboard */ = {
			isa = PBXVariantGroup;
			children = (
				9D7EDF011E741C0B0041F645 /* Base */,
			);
			name = LaunchScreen.storyboard;
			sourceTree = "<group>";
		};
/* End PBXVariantGroup section */

/* Begin XCBuildConfiguration section */
		9D7EDF041E741C0B0041F645 /* Debug */ = {
			isa = XCBuildConfiguration;
			buildSettings = {
				ALWAYS_SEARCH_USER_PATHS = NO;
				CLANG_CXX_LANGUAGE_STANDARD = "gnu++0x";
				CLANG_CXX_LIBRARY = "libc++";
				CLANG_ENABLE_MODULES = YES;
				CLANG_ENABLE_OBJC_ARC = YES;
				CLANG_WARN_BOOL_CONVERSION = YES;
				CLANG_WARN_CONSTANT_CONVERSION = YES;
				CLANG_WARN_DIRECT_OBJC_ISA_USAGE = YES_ERROR;
				CLANG_WARN_EMPTY_BODY = YES;
				CLANG_WARN_ENUM_CONVERSION = YES;
				CLANG_WARN_INT_CONVERSION = YES;
				CLANG_WARN_OBJC_ROOT_CLASS = YES_ERROR;
				CLANG_WARN_UNREACHABLE_CODE = YES;
				CLANG_WARN__DUPLICATE_METHOD_MATCH = YES;
				"CODE_SIGN_IDENTITY[sdk=iphoneos*]" = "iPhone Developer";
				COPY_PHASE_STRIP = NO;
				DEBUG_INFORMATION_FORMAT = dwarf;
				ENABLE_STRICT_OBJC_MSGSEND = YES;
				ENABLE_TESTABILITY = YES;
				GCC_C_LANGUAGE_STANDARD = gnu99;
				GCC_DYNAMIC_NO_PIC = NO;
				GCC_NO_COMMON_BLOCKS = YES;
				GCC_OPTIMIZATION_LEVEL = 0;
				GCC_PREPROCESSOR_DEFINITIONS = (
					"DEBUG=1",
					"$(inherited)",
				);
				GCC_WARN_64_TO_32_BIT_CONVERSION = YES;
				GCC_WARN_ABOUT_RETURN_TYPE = YES_ERROR;
				GCC_WARN_UNDECLARED_SELECTOR = YES;
				GCC_WARN_UNINITIALIZED_AUTOS = YES_AGGRESSIVE;
				GCC_WARN_UNUSED_FUNCTION = YES;
				GCC_WARN_UNUSED_VARIABLE = YES;
				IPHONEOS_DEPLOYMENT_TARGET = 10.2;
				MTL_ENABLE_DEBUG_INFO = YES;
				ONLY_ACTIVE_ARCH = YES;
				SDKROOT = iphoneos;
			};
			name = Debug;
		};
		9D7EDF051E741C0B0041F645 /* Release */ = {
			isa = XCBuildConfiguration;
			buildSettings = {
				ALWAYS_SEARCH_USER_PATHS = NO;
				CLANG_CXX_LANGUAGE_STANDARD = "gnu++0x";
				CLANG_CXX_LIBRARY = "libc++";
				CLANG_ENABLE_MODULES = YES;
				CLANG_ENABLE_OBJC_ARC = YES;
				CLANG_WARN_BOOL_CONVERSION = YES;
				CLANG_WARN_CONSTANT_CONVERSION = YES;
				CLANG_WARN_DIRECT_OBJC_ISA_USAGE = YES_ERROR;
				CLANG_WARN_EMPTY_BODY = YES;
				CLANG_WARN_ENUM_CONVERSION = YES;
				CLANG_WARN_INT_CONVERSION = YES;
				CLANG_WARN_OBJC_ROOT_CLASS = YES_ERROR;
				CLANG_WARN_UNREACHABLE_CODE = YES;
				CLANG_WARN__DUPLICATE_METHOD_MATCH = YES;
				"CODE_SIGN_IDENTITY[sdk=iphoneos*]" = "iPhone Developer";
				COPY_PHASE_STRIP = NO;
				DEBUG_INFORMATION_FORMAT = "dwarf-with-dsym";
				ENABLE_NS_ASSERTIONS = NO;
				ENABLE_STRICT_OBJC_MSGSEND = YES;
				GCC_C_LANGUAGE_STANDARD = gnu99;
				GCC_NO_COMMON_BLOCKS = YES;
				GCC_WARN_64_TO_32_BIT_CONVERSION = YES;
				GCC_WARN_ABOUT_RETURN_TYPE = YES_ERROR;
				GCC_WARN_UNDECLARED_SELECTOR = YES;
				GCC_WARN_UNINITIALIZED_AUTOS = YES_AGGRESSIVE;
				GCC_WARN_UNUSED_FUNCTION = YES;
				GCC_WARN_UNUSED_VARIABLE = YES;
				IPHONEOS_DEPLOYMENT_TARGET = 10.2;
				MTL_ENABLE_DEBUG_INFO = NO;
				SDKROOT = iphoneos;
				VALIDATE_PRODUCT = YES;
			};
			name = Release;
		};
		9D7EDF071E741C0B0041F645 /* Debug */ = {
			isa = XCBuildConfiguration;
			baseConfigurationReference = F9A5FD5C4637C74C91C82B40 /* Pods-WYKit.debug.xcconfig */;
			buildSettings = {
				ASSETCATALOG_COMPILER_APPICON_NAME = AppIcon;
				DEVELOPMENT_TEAM = N87SJH8MLD;
				GCC_PREFIX_HEADER = "$(SRCROOT)/WYKit/PrefixHeader.pch";
				INFOPLIST_FILE = WYKit/Info.plist;
				IPHONEOS_DEPLOYMENT_TARGET = 8.0;
				LD_RUNPATH_SEARCH_PATHS = "$(inherited) @executable_path/Frameworks";
				PRODUCT_BUNDLE_IDENTIFIER = com.juyingfu.com.WYKit;
				PRODUCT_NAME = "$(TARGET_NAME)";
			};
			name = Debug;
		};
		9D7EDF081E741C0B0041F645 /* Release */ = {
			isa = XCBuildConfiguration;
			baseConfigurationReference = ED1EE60DB6589E4BB71C06E2 /* Pods-WYKit.release.xcconfig */;
			buildSettings = {
				ASSETCATALOG_COMPILER_APPICON_NAME = AppIcon;
				DEVELOPMENT_TEAM = N87SJH8MLD;
				GCC_PREFIX_HEADER = "$(SRCROOT)/WYKit/PrefixHeader.pch";
				INFOPLIST_FILE = WYKit/Info.plist;
				IPHONEOS_DEPLOYMENT_TARGET = 8.0;
				LD_RUNPATH_SEARCH_PATHS = "$(inherited) @executable_path/Frameworks";
				PRODUCT_BUNDLE_IDENTIFIER = com.juyingfu.com.WYKit;
				PRODUCT_NAME = "$(TARGET_NAME)";
			};
			name = Release;
		};
/* End XCBuildConfiguration section */

/* Begin XCConfigurationList section */
		9D7EDEEA1E741C0A0041F645 /* Build configuration list for PBXProject "WYKit" */ = {
			isa = XCConfigurationList;
			buildConfigurations = (
				9D7EDF041E741C0B0041F645 /* Debug */,
				9D7EDF051E741C0B0041F645 /* Release */,
			);
			defaultConfigurationIsVisible = 0;
			defaultConfigurationName = Release;
		};
		9D7EDF061E741C0B0041F645 /* Build configuration list for PBXNativeTarget "WYKit" */ = {
			isa = XCConfigurationList;
			buildConfigurations = (
				9D7EDF071E741C0B0041F645 /* Debug */,
				9D7EDF081E741C0B0041F645 /* Release */,
			);
			defaultConfigurationIsVisible = 0;
			defaultConfigurationName = Release;
		};
/* End XCConfigurationList section */
	};
	rootObject = 9D7EDEE71E741C0A0041F645 /* Project object */;
}
